
Microsoft Visual Studio Solution File, Format Version 12.00
# Visual Studio Version 17
VisualStudioVersion = 17.7.34031.279
MinimumVisualStudioVersion = 10.0.40219.1
Project("{FAE04EC0-301F-11D3-BF4B-00C04F79EFBC}") = "YasHesaplamaJs", "YasHesaplamaJs\YasHesaplamaJs.csproj", "{87C29CC9-1E37-4F01-8D82-54BB23786A08}"
EndProject
Global
	GlobalSection(SolutionConfigurationPlatforms) = preSolution
		Debug|Any CPU = Debug|Any CPU
		Release|Any CPU = Release|Any CPU
	EndGlobalSection
	GlobalSection(ProjectConfigurationPlatforms) = postSolution
		{87C29CC9-1E37-4F01-8D82-54BB23786A08}.Debug|Any CPU.ActiveCfg = Debug|Any CPU
		{87C29CC9-1E37-4F01-8D82-54BB23786A08}.Debug|Any CPU.Build.0 = Debug|Any CPU
		{87C29CC9-1E37-4F01-8D82-54BB23786A08}.Release|Any CPU.ActiveCfg = Release|Any CPU
		{87C29CC9-1E37-4F01-8D82-54BB23786A08}.Release|Any CPU.Build.0 = Release|Any CPU
	EndGlobalSection
	GlobalSection(SolutionProperties) = preSolution
		HideSolutionNode = FALSE
	EndGlobalSection
	GlobalSection(ExtensibilityGlobals) = postSolution
		SolutionGuid = {4769CBD0-0FA8-41C4-8734-B36107A2DB6E}
	EndGlobalSection
EndGlobal
